<?xml version="1.0" encoding="utf-8"?>
<Project ToolsVersion="4.0" xmlns="http://schemas.microsoft.com/developer/msbuild/2003">
  <ItemGroup>
    <Filter Include="Source Files">
      <UniqueIdentifier>{4FC737F1-C7A5-4376-A066-2A32D752A2FF}</UniqueIdentifier>
      <Extensions>cpp;c;cc;cxx;def;odl;idl;hpj;bat;asm;asmx</Extensions>
    </Filter>
    <Filter Include="Header Files">
      <UniqueIdentifier>{93995380-89BD-4b04-88EB-625FBE52EBFB}</UniqueIdentifier>
      <Extensions>h;hh;hpp;hxx;hm;inl;inc;ipp;xsd</Extensions>
    </Filter>
    <Filter Include="Resource Files">
      <UniqueIdentifier>{67DA6AB6-F800-4c08-8B7A-83BB121AAD01}</UniqueIdentifier>
      <Extensions>rc;ico;cur;bmp;dlg;rc2;rct;bin;rgs;gif;jpg;jpeg;jpe;resx;tiff;tif;png;wav;mfcribbon-ms</Extensions>
    </Filter>
  </ItemGroup>
  <ItemGroup>
    <ClInclude Include="pch.h">
      <Filter>Header Files</Filter>
    </ClInclude>
    <ClInclude Include="core\include\AbsEaseAnimation.h">
      <Filter>Header Files</Filter>
    </ClInclude>
    <ClInclude Include="core\include\AlphaAnimationListener.h">
      <Filter>Header Files</Filter>
    </ClInclude>
    <ClInclude Include="core\include\AlphaEaseAnimation.h">
      <Filter>Header Files</Filter>
    </ClInclude>
    <ClInclude Include="core\include\Animation.h">
      <Filter>Header Files</Filter>
    </ClInclude>
    <ClInclude Include="core\include\AnimationStep.h">
      <Filter>Header Files</Filter>
    </ClInclude>
    <ClInclude Include="core\include\Assets.h">
      <Filter>Header Files</Filter>
    </ClInclude>
    <ClInclude Include="core\include\Audio.h">
      <Filter>Header Files</Filter>
    </ClInclude>
    <ClInclude Include="core\include\BaseComponent.h">
      <Filter>Header Files</Filter>
    </ClInclude>
    <ClInclude Include="core\include\Button.h">
      <Filter>Header Files</Filter>
    </ClInclude>
    <ClInclude Include="core\include\CollisionUtil.h">
      <Filter>Header Files</Filter>
    </ClInclude>
    <ClInclude Include="core\include\Color.h">
      <Filter>Header Files</Filter>
    </ClInclude>
    <ClInclude Include="core\include\Ease.h">
      <Filter>Header Files</Filter>
    </ClInclude>
    <ClInclude Include="core\include\EaseAnimation.h">
      <Filter>Header Files</Filter>
    </ClInclude>
    <ClInclude Include="core\include\Game.h">
      <Filter>Header Files</Filter>
    </ClInclude>
    <ClInclude Include="core\include\Graphics.h">
      <Filter>Header Files</Filter>
    </ClInclude>
    <ClInclude Include="core\include\Hack3dEngine.h">
      <Filter>Header Files</Filter>
    </ClInclude>
    <ClInclude Include="core\include\ImageView.h">
      <Filter>Header Files</Filter>
    </ClInclude>
    <ClInclude Include="core\include\Input.h">
      <Filter>Header Files</Filter>
    </ClInclude>
    <ClInclude Include="core\include\KinematicsUtil.h">
      <Filter>Header Files</Filter>
    </ClInclude>
    <ClInclude Include="core\include\LinearEase.h">
      <Filter>Header Files</Filter>
    </ClInclude>
    <ClInclude Include="core\include\MoveAnimationListener.h">
      <Filter>Header Files</Filter>
    </ClInclude>
    <ClInclude Include="core\include\MoveEaseAnimation.h">
      <Filter>Header Files</Filter>
    </ClInclude>
    <ClInclude Include="core\include\MyColor.h">
      <Filter>Header Files</Filter>
    </ClInclude>
    <ClInclude Include="core\include\OnClickListener.h">
      <Filter>Header Files</Filter>
    </ClInclude>
    <ClInclude Include="core\include\Padding.h">
      <Filter>Header Files</Filter>
    </ClInclude>
    <ClInclude Include="core\include\PointerEvent.h">
      <Filter>Header Files</Filter>
    </ClInclude>
    <ClInclude Include="core\include\PointerEventInfo.h">
      <Filter>Header Files</Filter>
    </ClInclude>
    <ClInclude Include="core\include\Rect.h">
      <Filter>Header Files</Filter>
    </ClInclude>
    <ClInclude Include="core\include\Screen.h">
      <Filter>Header Files</Filter>
    </ClInclude>
    <ClInclude Include="core\include\Util.h">
      <Filter>Header Files</Filter>
    </ClInclude>
    <ClInclude Include="core\include\Vec2.h">
      <Filter>Header Files</Filter>
    </ClInclude>
    <ClInclude Include="core\include\View.h">
      <Filter>Header Files</Filter>
    </ClInclude>
    <ClInclude Include="core\include\ViewManager.h">
      <Filter>Header Files</Filter>
    </ClInclude>
    <ClInclude Include="instance\include\BaseScreen.h">
      <Filter>Header Files</Filter>
    </ClInclude>
    <ClInclude Include="instance\include\Constants.h">
      <Filter>Header Files</Filter>
    </ClInclude>
    <ClInclude Include="instance\include\EndScreen.h">
      <Filter>Header Files</Filter>
    </ClInclude>
    <ClInclude Include="instance\include\Entity.h">
      <Filter>Header Files</Filter>
    </ClInclude>
    <ClInclude Include="instance\include\GameScreen.h">
      <Filter>Header Files</Filter>
    </ClInclude>
    <ClInclude Include="instance\include\GameWorld.h">
      <Filter>Header Files</Filter>
    </ClInclude>
    <ClInclude Include="instance\include\LogoScreen.h">
      <Filter>Header Files</Filter>
    </ClInclude>
    <ClInclude Include="instance\include\MainMenuScreen.h">
      <Filter>Header Files</Filter>
    </ClInclude>
    <ClInclude Include="core\include\GLFWGraphics.h">
      <Filter>Header Files</Filter>
    </ClInclude>
    <ClInclude Include="core\include\GLFWInput.h">
      <Filter>Header Files</Filter>
    </ClInclude>
    <ClInclude Include="core\include\TextureRegion2D.h">
      <Filter>Header Files</Filter>
    </ClInclude>
    <ClInclude Include="core\include\Shader.h">
      <Filter>Header Files</Filter>
    </ClInclude>
    <ClInclude Include="core\include\FragmentShader.h">
      <Filter>Header Files</Filter>
    </ClInclude>
    <ClInclude Include="core\include\VertexShader.h">
      <Filter>Header Files</Filter>
    </ClInclude>
    <ClInclude Include="core\include\ShaderProgram.h">
      <Filter>Header Files</Filter>
    </ClInclude>
    <ClInclude Include="core\include\stb_image.h">
      <Filter>Header Files</Filter>
    </ClInclude>
    <ClInclude Include="core\include\Texture2D.h">
      <Filter>Header Files</Filter>
    </ClInclude>
    <ClInclude Include="core\include\Camera.h">
      <Filter>Header Files</Filter>
    </ClInclude>
    <ClInclude Include="core\include\Light.h">
      <Filter>Header Files</Filter>
    </ClInclude>
    <ClInclude Include="core\include\Material.h">
      <Filter>Header Files</Filter>
    </ClInclude>
    <ClInclude Include="core\include\DirectionalLight.h">
      <Filter>Header Files</Filter>
    </ClInclude>
    <ClInclude Include="core\include\PointLight.h">
      <Filter>Header Files</Filter>
    </ClInclude>
    <ClInclude Include="core\include\SpotLight.h">
      <Filter>Header Files</Filter>
    </ClInclude>
    <ClInclude Include="core\include\ColorMaterial.h">
      <Filter>Header Files</Filter>
    </ClInclude>
    <ClInclude Include="core\include\TextureMaterial.h">
      <Filter>Header Files</Filter>
    </ClInclude>
    <ClInclude Include="instance\include\TestGL.h">
      <Filter>Header Files</Filter>
    </ClInclude>
    <ClInclude Include="core\include\Vertex.h">
      <Filter>Header Files</Filter>
    </ClInclude>
    <ClInclude Include="core\include\Texture.h">
      <Filter>Header Files</Filter>
    </ClInclude>
    <ClInclude Include="core\include\Mesh.h">
      <Filter>Header Files</Filter>
    </ClInclude>
    <ClInclude Include="core\include\Model.h">
      <Filter>Header Files</Filter>
    </ClInclude>
    <ClInclude Include="core\include\CubeMap.h">
      <Filter>Header Files</Filter>
    </ClInclude>
    <ClInclude Include="core\include\PointerInfo.h">
      <Filter>Header Files</Filter>
    </ClInclude>
    <ClInclude Include="core\include\KeyInfo.h">
      <Filter>Header Files</Filter>
    </ClInclude>
    <ClInclude Include="core\include\GeometryShader.h">
      <Filter>Header Files</Filter>
    </ClInclude>
    <ClInclude Include="core\include\Object3D.h">
      <Filter>Header Files</Filter>
    </ClInclude>
    <ClInclude Include="core\include\WaterObj.h">
      <Filter>Header Files</Filter>
    </ClInclude>
    <ClInclude Include="core\include\FileManager.h">
      <Filter>Header Files</Filter>
    </ClInclude>
    <ClInclude Include="core\include\Utils2.h">
      <Filter>Header Files</Filter>
    </ClInclude>
    <ClInclude Include="core\include\WaterFrameBuffers.h">
      <Filter>Header Files</Filter>
    </ClInclude>
    <ClInclude Include="core\include\FireObj.h">
      <Filter>Header Files</Filter>
    </ClInclude>
    <ClInclude Include="core\src\graphics\FireFrameBuffers.cpp">
      <Filter>Header Files</Filter>
    </ClInclude>
    <ClInclude Include="core\include\FireFrameBuffers.h">
      <Filter>Header Files</Filter>
    </ClInclude>
    <ClInclude Include="instance\include\Sample1FireShadersGame.h">
      <Filter>Header Files</Filter>
    </ClInclude>
  </ItemGroup>
  <ItemGroup>
    <ClCompile Include="pch.cpp">
      <Filter>Source Files</Filter>
    </ClCompile>
    <ClCompile Include="core\src\animation\ease\Ease.cpp">
      <Filter>Source Files</Filter>
    </ClCompile>
    <ClCompile Include="core\src\animation\ease\LinearEase.cpp">
      <Filter>Source Files</Filter>
    </ClCompile>
    <ClCompile Include="core\src\animation\AbsEaseAnimation.cpp">
      <Filter>Source Files</Filter>
    </ClCompile>
    <ClCompile Include="core\src\animation\AlphaEaseAnimation.cpp">
      <Filter>Source Files</Filter>
    </ClCompile>
    <ClCompile Include="core\src\animation\MoveEaseAnimation.cpp">
      <Filter>Source Files</Filter>
    </ClCompile>
    <ClCompile Include="core\src\asset\Assets.cpp">
      <Filter>Source Files</Filter>
    </ClCompile>
    <ClCompile Include="core\src\audio\Audio.cpp">
      <Filter>Source Files</Filter>
    </ClCompile>
    <ClCompile Include="core\src\component\BaseComponent.cpp">
      <Filter>Source Files</Filter>
    </ClCompile>
    <ClCompile Include="core\src\engine\Hack3dEngine.cpp">
      <Filter>Source Files</Filter>
    </ClCompile>
    <ClCompile Include="core\src\game\ui\animation\Animation.cpp">
      <Filter>Source Files</Filter>
    </ClCompile>
    <ClCompile Include="core\src\game\ui\animation\AnimationStep.cpp">
      <Filter>Source Files</Filter>
    </ClCompile>
    <ClCompile Include="core\src\game\ui\screen\Screen.cpp">
      <Filter>Source Files</Filter>
    </ClCompile>
    <ClCompile Include="core\src\game\ui\view\event\PointerEventInfo.cpp">
      <Filter>Source Files</Filter>
    </ClCompile>
    <ClCompile Include="core\src\game\ui\view\manager\ViewManager.cpp">
      <Filter>Source Files</Filter>
    </ClCompile>
    <ClCompile Include="core\src\game\ui\view\Button.cpp">
      <Filter>Source Files</Filter>
    </ClCompile>
    <ClCompile Include="core\src\game\ui\view\ImageView.cpp">
      <Filter>Source Files</Filter>
    </ClCompile>
    <ClCompile Include="core\src\game\ui\view\Padding.cpp">
      <Filter>Source Files</Filter>
    </ClCompile>
    <ClCompile Include="core\src\game\ui\view\View.cpp">
      <Filter>Source Files</Filter>
    </ClCompile>
    <ClCompile Include="core\src\game\Game.cpp">
      <Filter>Source Files</Filter>
    </ClCompile>
    <ClCompile Include="core\src\graphics\Graphics.cpp">
      <Filter>Source Files</Filter>
    </ClCompile>
    <ClCompile Include="core\src\input\Input.cpp">
      <Filter>Source Files</Filter>
    </ClCompile>
    <ClCompile Include="core\src\util\CollisionUtil.cpp">
      <Filter>Source Files</Filter>
    </ClCompile>
    <ClCompile Include="core\src\util\Color.cpp">
      <Filter>Source Files</Filter>
    </ClCompile>
    <ClCompile Include="core\src\util\KinematicsUtil.cpp">
      <Filter>Source Files</Filter>
    </ClCompile>
    <ClCompile Include="core\src\util\MyColor.cpp">
      <Filter>Source Files</Filter>
    </ClCompile>
    <ClCompile Include="core\src\util\Rect.cpp">
      <Filter>Source Files</Filter>
    </ClCompile>
    <ClCompile Include="core\src\util\Util.cpp">
      <Filter>Source Files</Filter>
    </ClCompile>
    <ClCompile Include="core\src\util\Vec2.cpp">
      <Filter>Source Files</Filter>
    </ClCompile>
    <ClCompile Include="instance\src\game\model\entity\Entity.cpp">
      <Filter>Source Files</Filter>
    </ClCompile>
    <ClCompile Include="instance\src\game\model\GameWorld.cpp">
      <Filter>Source Files</Filter>
    </ClCompile>
    <ClCompile Include="instance\src\game\ui\screen\BaseScreen.cpp">
      <Filter>Source Files</Filter>
    </ClCompile>
    <ClCompile Include="instance\src\game\ui\screen\EndScreen.cpp">
      <Filter>Source Files</Filter>
    </ClCompile>
    <ClCompile Include="instance\src\game\ui\screen\GameScreen.cpp">
      <Filter>Source Files</Filter>
    </ClCompile>
    <ClCompile Include="instance\src\game\ui\screen\LogoScreen.cpp">
      <Filter>Source Files</Filter>
    </ClCompile>
    <ClCompile Include="instance\src\game\ui\screen\MainMenuScreen.cpp">
      <Filter>Source Files</Filter>
    </ClCompile>
    <ClCompile Include="instance\src\util\Constants.cpp">
      <Filter>Source Files</Filter>
    </ClCompile>
    <ClCompile Include="core\src\graphics\GLFWGraphics.cpp">
      <Filter>Source Files</Filter>
    </ClCompile>
    <ClCompile Include="core\src\input\GLFWInput.cpp">
      <Filter>Source Files</Filter>
    </ClCompile>
    <ClCompile Include="core\src\graphics\glad.c">
      <Filter>Source Files</Filter>
    </ClCompile>
    <ClCompile Include="core\src\graphics\TextureRegion2D.cpp">
      <Filter>Source Files</Filter>
    </ClCompile>
    <ClCompile Include="core\src\graphics\shader\FragmentShader.cpp">
      <Filter>Source Files</Filter>
    </ClCompile>
    <ClCompile Include="core\src\graphics\shader\ShaderProgram.cpp">
      <Filter>Source Files</Filter>
    </ClCompile>
    <ClCompile Include="core\src\graphics\shader\VertexShader.cpp">
      <Filter>Source Files</Filter>
    </ClCompile>
    <ClCompile Include="core\src\graphics\shader\Shader.cpp">
      <Filter>Source Files</Filter>
    </ClCompile>
    <ClCompile Include="core\src\graphics\Texture2D.cpp">
      <Filter>Source Files</Filter>
    </ClCompile>
    <ClCompile Include="core\src\graphics\camera\Camera.cpp">
      <Filter>Source Files</Filter>
    </ClCompile>
    <ClCompile Include="core\src\graphics\light\Light.cpp">
      <Filter>Source Files</Filter>
    </ClCompile>
    <ClCompile Include="core\src\graphics\light\DirectionalLight.cpp">
      <Filter>Source Files</Filter>
    </ClCompile>
    <ClCompile Include="core\src\graphics\light\PointLight.cpp">
      <Filter>Source Files</Filter>
    </ClCompile>
    <ClCompile Include="core\src\graphics\light\SpotLight.cpp">
      <Filter>Source Files</Filter>
    </ClCompile>
    <ClCompile Include="core\src\graphics\light\material\Material.cpp">
      <Filter>Source Files</Filter>
    </ClCompile>
    <ClCompile Include="core\src\graphics\light\material\TextureMaterial.cpp">
      <Filter>Source Files</Filter>
    </ClCompile>
    <ClCompile Include="core\src\graphics\light\material\ColorMaterial.cpp">
      <Filter>Source Files</Filter>
    </ClCompile>
    <ClCompile Include="instance\src\game\model\entity\test\TestGL.cpp">
      <Filter>Source Files</Filter>
    </ClCompile>
    <ClCompile Include="core\src\graphics\mesh\Mesh.cpp">
      <Filter>Source Files</Filter>
    </ClCompile>
    <ClCompile Include="core\src\graphics\mesh\Model.cpp">
      <Filter>Source Files</Filter>
    </ClCompile>
    <ClCompile Include="core\src\graphics\CubeMap.cpp">
      <Filter>Source Files</Filter>
    </ClCompile>
    <ClCompile Include="core\src\util\PointerInfo.cpp">
      <Filter>Source Files</Filter>
    </ClCompile>
    <ClCompile Include="core\src\util\KeyInfo.cpp">
      <Filter>Source Files</Filter>
    </ClCompile>
    <ClCompile Include="core\src\graphics\shader\GeometryShader.cpp">
      <Filter>Source Files</Filter>
    </ClCompile>
    <ClCompile Include="core\src\graphics\Object3D.cpp">
      <Filter>Source Files</Filter>
    </ClCompile>
    <ClCompile Include="core\src\graphics\WaterObj.cpp">
      <Filter>Source Files</Filter>
    </ClCompile>
    <ClCompile Include="core\src\util\FileManager.cpp">
      <Filter>Source Files</Filter>
    </ClCompile>
    <ClCompile Include="core\src\util\Utils2.cpp">
      <Filter>Source Files</Filter>
    </ClCompile>
    <ClCompile Include="core\src\graphics\WaterFrameBuffers.cpp">
      <Filter>Source Files</Filter>
    </ClCompile>
    <ClCompile Include="core\src\graphics\FireObj.cpp">
      <Filter>Source Files</Filter>
    </ClCompile>
    <ClCompile Include="sample1_fire_shaders.cpp">
      <Filter>Source Files</Filter>
    </ClCompile>
    <ClCompile Include="instance\src\game\Sample1FireShadersGame.cpp">
      <Filter>Source Files</Filter>
    </ClCompile>
  </ItemGroup>
</Project>